PODS:
  - Masonry (1.0.2)
  - ReactiveObjC (3.0.0)
  - VibesPush (2.0.1.sw4)

DEPENDENCIES:
  - Masonry (~> 1.0.2)
  - ReactiveObjC (~> 3.0.0)
  - VibesPush (= 2.0.1.sw4)

SPEC CHECKSUMS:
  Masonry: 7c429b56da9d4ee0bbb3ed77a5ea710d6a5df39e
  ReactiveObjC: ce79989e8684b9086b5f8d0c74bc7b81a8729c9e
  VibesPush: 754d3b1ca77b54768d006bd21ceb039b4838bf12

PODFILE CHECKSUM: 5a80ae5200c9d13ea0afce7497265f2516b3d6f0

COCOAPODS: 1.4.0
